// !$*UTF8*$!
{
	archiveVersion = 1;
	classes = {
	};
	objectVersion = 56;
	objects = {

/* Begin PBXBuildFile section */
		5C2F52362B3CFB800090F301 /* SwiftDataDemoApp.swift in Sources */ = {isa = PBXBuildFile; fileRef = 5C2F52352B3CFB800090F301 /* SwiftDataDemoApp.swift */; };
		5C2F52382B3CFB800090F301 /* ContentView.swift in Sources */ = {isa = PBXBuildFile; fileRef = 5C2F52372B3CFB800090F301 /* ContentView.swift */; };
		5C2F523A2B3CFB800090F301 /* Item.swift in Sources */ = {isa = PBXBuildFile; fileRef = 5C2F52392B3CFB800090F301 /* Item.swift */; };
		5C2F523C2B3CFB820090F301 /* Assets.xcassets in Resources */ = {isa = PBXBuildFile; fileRef = 5C2F523B2B3CFB820090F301 /* Assets.xcassets */; };
		5C2F52402B3CFB820090F301 /* Preview Assets.xcassets in Resources */ = {isa = PBXBuildFile; fileRef = 5C2F523F2B3CFB820090F301 /* Preview Assets.xcassets */; };
		5C2F524A2B3CFB830090F301 /* SwiftDataDemoTests.swift in Sources */ = {isa = PBXBuildFile; fileRef = 5C2F52492B3CFB830090F301 /* SwiftDataDemoTests.swift */; };
		5C2F52542B3CFB830090F301 /* SwiftDataDemoUITests.swift in Sources */ = {isa = PBXBuildFile; fileRef = 5C2F52532B3CFB830090F301 /* SwiftDataDemoUITests.swift */; };
		5C2F52562B3CFB830090F301 /* SwiftDataDemoUITestsLaunchTests.swift in Sources */ = {isa = PBXBuildFile; fileRef = 5C2F52552B3CFB830090F301 /* SwiftDataDemoUITestsLaunchTests.swift */; };
		5C2F52632B3CFD980090F301 /* ToDoItem.swift in Sources */ = {isa = PBXBuildFile; fileRef = 5C2F52622B3CFD980090F301 /* ToDoItem.swift */; };
		5C2F52652B3D02520090F301 /* ToDoItemView.swift in Sources */ = {isa = PBXBuildFile; fileRef = 5C2F52642B3D02520090F301 /* ToDoItemView.swift */; };
/* End PBXBuildFile section */

/* Begin PBXContainerItemProxy section */
		5C2F52462B3CFB830090F301 /* PBXContainerItemProxy */ = {
			isa = PBXContainerItemProxy;
			containerPortal = 5C2F522A2B3CFB800090F301 /* Project object */;
			proxyType = 1;
			remoteGlobalIDString = 5C2F52312B3CFB800090F301;
			remoteInfo = SwiftDataDemo;
		};
		5C2F52502B3CFB830090F301 /* PBXContainerItemProxy */ = {
			isa = PBXContainerItemProxy;
			containerPortal = 5C2F522A2B3CFB800090F301 /* Project object */;
			proxyType = 1;
			remoteGlobalIDString = 5C2F52312B3CFB800090F301;
			remoteInfo = SwiftDataDemo;
		};
/* End PBXContainerItemProxy section */

/* Begin PBXFileReference section */
		5C2F52322B3CFB800090F301 /* SwiftDataDemo.app */ = {isa = PBXFileReference; explicitFileType = wrapper.application; includeInIndex = 0; path = SwiftDataDemo.app; sourceTree = BUILT_PRODUCTS_DIR; };
		5C2F52352B3CFB800090F301 /* SwiftDataDemoApp.swift */ = {isa = PBXFileReference; lastKnownFileType = sourcecode.swift; path = SwiftDataDemoApp.swift; sourceTree = "<group>"; };
		5C2F52372B3CFB800090F301 /* ContentView.swift */ = {isa = PBXFileReference; lastKnownFileType = sourcecode.swift; path = ContentView.swift; sourceTree = "<group>"; };
		5C2F52392B3CFB800090F301 /* Item.swift */ = {isa = PBXFileReference; lastKnownFileType = sourcecode.swift; path = Item.swift; sourceTree = "<group>"; };
		5C2F523B2B3CFB820090F301 /* Assets.xcassets */ = {isa = PBXFileReference; lastKnownFileType = folder.assetcatalog; path = Assets.xcassets; sourceTree = "<group>"; };
		5C2F523D2B3CFB820090F301 /* SwiftDataDemo.entitlements */ = {isa = PBXFileReference; lastKnownFileType = text.plist.entitlements; path = SwiftDataDemo.entitlements; sourceTree = "<group>"; };
		5C2F523F2B3CFB820090F301 /* Preview Assets.xcassets */ = {isa = PBXFileReference; lastKnownFileType = folder.assetcatalog; path = "Preview Assets.xcassets"; sourceTree = "<group>"; };
		5C2F52452B3CFB830090F301 /* SwiftDataDemoTests.xctest */ = {isa = PBXFileReference; explicitFileType = wrapper.cfbundle; includeInIndex = 0; path = SwiftDataDemoTests.xctest; sourceTree = BUILT_PRODUCTS_DIR; };
		5C2F52492B3CFB830090F301 /* SwiftDataDemoTests.swift */ = {isa = PBXFileReference; lastKnownFileType = sourcecode.swift; path = SwiftDataDemoTests.swift; sourceTree = "<group>"; };
		5C2F524F2B3CFB830090F301 /* SwiftDataDemoUITests.xctest */ = {isa = PBXFileReference; explicitFileType = wrapper.cfbundle; includeInIndex = 0; path = SwiftDataDemoUITests.xctest; sourceTree = BUILT_PRODUCTS_DIR; };
		5C2F52532B3CFB830090F301 /* SwiftDataDemoUITests.swift */ = {isa = PBXFileReference; lastKnownFileType = sourcecode.swift; path = SwiftDataDemoUITests.swift; sourceTree = "<group>"; };
		5C2F52552B3CFB830090F301 /* SwiftDataDemoUITestsLaunchTests.swift */ = {isa = PBXFileReference; lastKnownFileType = sourcecode.swift; path = SwiftDataDemoUITestsLaunchTests.swift; sourceTree = "<group>"; };
		5C2F52622B3CFD980090F301 /* ToDoItem.swift */ = {isa = PBXFileReference; lastKnownFileType = sourcecode.swift; path = ToDoItem.swift; sourceTree = "<group>"; };
		5C2F52642B3D02520090F301 /* ToDoItemView.swift */ = {isa = PBXFileReference; lastKnownFileType = sourcecode.swift; path = ToDoItemView.swift; sourceTree = "<group>"; };
/* End PBXFileReference section */

/* Begin PBXFrameworksBuildPhase section */
		5C2F522F2B3CFB800090F301 /* Frameworks */ = {
			isa = PBXFrameworksBuildPhase;
			buildActionMask = 2147483647;
			files = (
			);
			runOnlyForDeploymentPostprocessing = 0;
		};
		5C2F52422B3CFB830090F301 /* Frameworks */ = {
			isa = PBXFrameworksBuildPhase;
			buildActionMask = 2147483647;
			files = (
			);
			runOnlyForDeploymentPostprocessing = 0;
		};
		5C2F524C2B3CFB830090F301 /* Frameworks */ = {
			isa = PBXFrameworksBuildPhase;
			buildActionMask = 2147483647;
			files = (
			);
			runOnlyForDeploymentPostprocessing = 0;
		};
/* End PBXFrameworksBuildPhase section */

/* Begin PBXGroup section */
		5C2F52292B3CFB800090F301 = {
			isa = PBXGroup;
			children = (
				5C2F52342B3CFB800090F301 /* SwiftDataDemo */,
				5C2F52482B3CFB830090F301 /* SwiftDataDemoTests */,
				5C2F52522B3CFB830090F301 /* SwiftDataDemoUITests */,
				5C2F52332B3CFB800090F301 /* Products */,
			);
			sourceTree = "<group>";
		};
		5C2F52332B3CFB800090F301 /* Products */ = {
			isa = PBXGroup;
			children = (
				5C2F52322B3CFB800090F301 /* SwiftDataDemo.app */,
				5C2F52452B3CFB830090F301 /* SwiftDataDemoTests.xctest */,
				5C2F524F2B3CFB830090F301 /* SwiftDataDemoUITests.xctest */,
			);
			name = Products;
			sourceTree = "<group>";
		};
		5C2F52342B3CFB800090F301 /* SwiftDataDemo */ = {
			isa = PBXGroup;
			children = (
				5C2F52352B3CFB800090F301 /* SwiftDataDemoApp.swift */,
				5C2F52372B3CFB800090F301 /* ContentView.swift */,
				5C2F52392B3CFB800090F301 /* Item.swift */,
				5C2F52622B3CFD980090F301 /* ToDoItem.swift */,
				5C2F52642B3D02520090F301 /* ToDoItemView.swift */,
				5C2F523B2B3CFB820090F301 /* Assets.xcassets */,
				5C2F523D2B3CFB820090F301 /* SwiftDataDemo.entitlements */,
				5C2F523E2B3CFB820090F301 /* Preview Content */,
			);
			path = SwiftDataDemo;
			sourceTree = "<group>";
		};
		5C2F523E2B3CFB820090F301 /* Preview Content */ = {
			isa = PBXGroup;
			children = (
				5C2F523F2B3CFB820090F301 /* Preview Assets.xcassets */,
			);
			path = "Preview Content";
			sourceTree = "<group>";
		};
		5C2F52482B3CFB830090F301 /* SwiftDataDemoTests */ = {
			isa = PBXGroup;
			children = (
				5C2F52492B3CFB830090F301 /* SwiftDataDemoTests.swift */,
			);
			path = SwiftDataDemoTests;
			sourceTree = "<group>";
		};
		5C2F52522B3CFB830090F301 /* SwiftDataDemoUITests */ = {
			isa = PBXGroup;
			children = (
				5C2F52532B3CFB830090F301 /* SwiftDataDemoUITests.swift */,
				5C2F52552B3CFB830090F301 /* SwiftDataDemoUITestsLaunchTests.swift */,
			);
			path = SwiftDataDemoUITests;
			sourceTree = "<group>";
		};
/* End PBXGroup section */

/* Begin PBXNativeTarget section */
		5C2F52312B3CFB800090F301 /* SwiftDataDemo */ = {
			isa = PBXNativeTarget;
			buildConfigurationList = 5C2F52592B3CFB830090F301 /* Build configuration list for PBXNativeTarget "SwiftDataDemo" */;
			buildPhases = (
				5C2F522E2B3CFB800090F301 /* Sources */,
				5C2F522F2B3CFB800090F301 /* Frameworks */,
				5C2F52302B3CFB800090F301 /* Resources */,
			);
			buildRules = (
			);
			dependencies = (
			);
			name = SwiftDataDemo;
			productName = SwiftDataDemo;
			productReference = 5C2F52322B3CFB800090F301 /* SwiftDataDemo.app */;
			productType = "com.apple.product-type.application";
		};
		5C2F52442B3CFB830090F301 /* SwiftDataDemoTests */ = {
			isa = PBXNativeTarget;
			buildConfigurationList = 5C2F525C2B3CFB830090F301 /* Build configuration list for PBXNativeTarget "SwiftDataDemoTests" */;
			buildPhases = (
				5C2F52412B3CFB830090F301 /* Sources */,
				5C2F52422B3CFB830090F301 /* Frameworks */,
				5C2F52432B3CFB830090F301 /* Resources */,
			);
			buildRules = (
			);
			dependencies = (
				5C2F52472B3CFB830090F301 /* PBXTargetDependency */,
			);
			name = SwiftDataDemoTests;
			productName = SwiftDataDemoTests;
			productReference = 5C2F52452B3CFB830090F301 /* SwiftDataDemoTests.xctest */;
			productType = "com.apple.product-type.bundle.unit-test";
		};
		5C2F524E2B3CFB830090F301 /* SwiftDataDemoUITests */ = {
			isa = PBXNativeTarget;
			buildConfigurationList = 5C2F525F2B3CFB830090F301 /* Build configuration list for PBXNativeTarget "SwiftDataDemoUITests" */;
			buildPhases = (
				5C2F524B2B3CFB830090F301 /* Sources */,
				5C2F524C2B3CFB830090F301 /* Frameworks */,
				5C2F524D2B3CFB830090F301 /* Resources */,
			);
			buildRules = (
			);
			dependencies = (
				5C2F52512B3CFB830090F301 /* PBXTargetDependency */,
			);
			name = SwiftDataDemoUITests;
			productName = SwiftDataDemoUITests;
			productReference = 5C2F524F2B3CFB830090F301 /* SwiftDataDemoUITests.xctest */;
			productType = "com.apple.product-type.bundle.ui-testing";
		};
/* End PBXNativeTarget section */

/* Begin PBXProject section */
		5C2F522A2B3CFB800090F301 /* Project object */ = {
			isa = PBXProject;
			attributes = {
				BuildIndependentTargetsInParallel = 1;
				LastSwiftUpdateCheck = 1510;
				LastUpgradeCheck = 1510;
				TargetAttributes = {
					5C2F52312B3CFB800090F301 = {
						CreatedOnToolsVersion = 15.1;
					};
					5C2F52442B3CFB830090F301 = {
						CreatedOnToolsVersion = 15.1;
						TestTargetID = 5C2F52312B3CFB800090F301;
					};
					5C2F524E2B3CFB830090F301 = {
						CreatedOnToolsVersion = 15.1;
						TestTargetID = 5C2F52312B3CFB800090F301;
					};
				};
			};
			buildConfigurationList = 5C2F522D2B3CFB800090F301 /* Build configuration list for PBXProject "SwiftDataDemo" */;
			compatibilityVersion = "Xcode 14.0";
			developmentRegion = en;
			hasScannedForEncodings = 0;
			knownRegions = (
				en,
				Base,
			);
			mainGroup = 5C2F52292B3CFB800090F301;
			productRefGroup = 5C2F52332B3CFB800090F301 /* Products */;
			projectDirPath = "";
			projectRoot = "";
			targets = (
				5C2F52312B3CFB800090F301 /* SwiftDataDemo */,
				5C2F52442B3CFB830090F301 /* SwiftDataDemoTests */,
				5C2F524E2B3CFB830090F301 /* SwiftDataDemoUITests */,
			);
		};
/* End PBXProject section */

/* Begin PBXResourcesBuildPhase section */
		5C2F52302B3CFB800090F301 /* Resources */ = {
			isa = PBXResourcesBuildPhase;
			buildActionMask = 2147483647;
			files = (
				5C2F52402B3CFB820090F301 /* Preview Assets.xcassets in Resources */,
				5C2F523C2B3CFB820090F301 /* Assets.xcassets in Resources */,
			);
			runOnlyForDeploymentPostprocessing = 0;
		};
		5C2F52432B3CFB830090F301 /* Resources */ = {
			isa = PBXResourcesBuildPhase;
			buildActionMask = 2147483647;
			files = (
			);
			runOnlyForDeploymentPostprocessing = 0;
		};
		5C2F524D2B3CFB830090F301 /* Resources */ = {
			isa = PBXResourcesBuildPhase;
			buildActionMask = 2147483647;
			files = (
			);
			runOnlyForDeploymentPostprocessing = 0;
		};
/* End PBXResourcesBuildPhase section */

/* Begin PBXSourcesBuildPhase section */
		5C2F522E2B3CFB800090F301 /* Sources */ = {
			isa = PBXSourcesBuildPhase;
			buildActionMask = 2147483647;
			files = (
				5C2F52382B3CFB800090F301 /* ContentView.swift in Sources */,
				5C2F523A2B3CFB800090F301 /* Item.swift in Sources */,
				5C2F52652B3D02520090F301 /* ToDoItemView.swift in Sources */,
				5C2F52632B3CFD980090F301 /* ToDoItem.swift in Sources */,
				5C2F52362B3CFB800090F301 /* SwiftDataDemoApp.swift in Sources */,
			);
			runOnlyForDeploymentPostprocessing = 0;
		};
		5C2F52412B3CFB830090F301 /* Sources */ = {
			isa = PBXSourcesBuildPhase;
			buildActionMask = 2147483647;
			files = (
				5C2F524A2B3CFB830090F301 /* SwiftDataDemoTests.swift in Sources */,
			);
			runOnlyForDeploymentPostprocessing = 0;
		};
		5C2F524B2B3CFB830090F301 /* Sources */ = {
			isa = PBXSourcesBuildPhase;
			buildActionMask = 2147483647;
			files = (
				5C2F52542B3CFB830090F301 /* SwiftDataDemoUITests.swift in Sources */,
				5C2F52562B3CFB830090F301 /* SwiftDataDemoUITestsLaunchTests.swift in Sources */,
			);
			runOnlyForDeploymentPostprocessing = 0;
		};
/* End PBXSourcesBuildPhase section */

/* Begin PBXTargetDependency section */
		5C2F52472B3CFB830090F301 /* PBXTargetDependency */ = {
			isa = PBXTargetDependency;
			target = 5C2F52312B3CFB800090F301 /* SwiftDataDemo */;
			targetProxy = 5C2F52462B3CFB830090F301 /* PBXContainerItemProxy */;
		};
		5C2F52512B3CFB830090F301 /* PBXTargetDependency */ = {
			isa = PBXTargetDependency;
			target = 5C2F52312B3CFB800090F301 /* SwiftDataDemo */;
			targetProxy = 5C2F52502B3CFB830090F301 /* PBXContainerItemProxy */;
		};
/* End PBXTargetDependency section */

/* Begin XCBuildConfiguration section */
		5C2F52572B3CFB830090F301 /* Debug */ = {
			isa = XCBuildConfiguration;
			buildSettings = {
				ALWAYS_SEARCH_USER_PATHS = NO;
				ASSETCATALOG_COMPILER_GENERATE_SWIFT_ASSET_SYMBOL_EXTENSIONS = YES;
				CLANG_ANALYZER_NONNULL = YES;
				CLANG_ANALYZER_NUMBER_OBJECT_CONVERSION = YES_AGGRESSIVE;
				CLANG_CXX_LANGUAGE_STANDARD = "gnu++20";
				CLANG_ENABLE_MODULES = YES;
				CLANG_ENABLE_OBJC_ARC = YES;
				CLANG_ENABLE_OBJC_WEAK = YES;
				CLANG_WARN_BLOCK_CAPTURE_AUTORELEASING = YES;
				CLANG_WARN_BOOL_CONVERSION = YES;
				CLANG_WARN_COMMA = YES;
				CLANG_WARN_CONSTANT_CONVERSION = YES;
				CLANG_WARN_DEPRECATED_OBJC_IMPLEMENTATIONS = YES;
				CLANG_WARN_DIRECT_OBJC_ISA_USAGE = YES_ERROR;
				CLANG_WARN_DOCUMENTATION_COMMENTS = YES;
				CLANG_WARN_EMPTY_BODY = YES;
				CLANG_WARN_ENUM_CONVERSION = YES;
				CLANG_WARN_INFINITE_RECURSION = YES;
				CLANG_WARN_INT_CONVERSION = YES;
				CLANG_WARN_NON_LITERAL_NULL_CONVERSION = YES;
				CLANG_WARN_OBJC_IMPLICIT_RETAIN_SELF = YES;
				CLANG_WARN_OBJC_LITERAL_CONVERSION = YES;
				CLANG_WARN_OBJC_ROOT_CLASS = YES_ERROR;
				CLANG_WARN_QUOTED_INCLUDE_IN_FRAMEWORK_HEADER = YES;
				CLANG_WARN_RANGE_LOOP_ANALYSIS = YES;
				CLANG_WARN_STRICT_PROTOTYPES = YES;
				CLANG_WARN_SUSPICIOUS_MOVE = YES;
				CLANG_WARN_UNGUARDED_AVAILABILITY = YES_AGGRESSIVE;
				CLANG_WARN_UNREACHABLE_CODE = YES;
				CLANG_WARN__DUPLICATE_METHOD_MATCH = YES;
				COPY_PHASE_STRIP = NO;
				DEBUG_INFORMATION_FORMAT = dwarf;
				ENABLE_STRICT_OBJC_MSGSEND = YES;
				ENABLE_TESTABILITY = YES;
				ENABLE_USER_SCRIPT_SANDBOXING = YES;
				GCC_C_LANGUAGE_STANDARD = gnu17;
				GCC_DYNAMIC_NO_PIC = NO;
				GCC_NO_COMMON_BLOCKS = YES;
				GCC_OPTIMIZATION_LEVEL = 0;
				GCC_PREPROCESSOR_DEFINITIONS = (
					"DEBUG=1",
					"$(inherited)",
				);
				GCC_WARN_64_TO_32_BIT_CONVERSION = YES;
				GCC_WARN_ABOUT_RETURN_TYPE = YES_ERROR;
				GCC_WARN_UNDECLARED_SELECTOR = YES;
				GCC_WARN_UNINITIALIZED_AUTOS = YES_AGGRESSIVE;
				GCC_WARN_UNUSED_FUNCTION = YES;
				GCC_WARN_UNUSED_VARIABLE = YES;
				LOCALIZATION_PREFERS_STRING_CATALOGS = YES;
				MTL_ENABLE_DEBUG_INFO = INCLUDE_SOURCE;
				MTL_FAST_MATH = YES;
				ONLY_ACTIVE_ARCH = YES;
				SWIFT_ACTIVE_COMPILATION_CONDITIONS = "DEBUG $(inherited)";
				SWIFT_OPTIMIZATION_LEVEL = "-Onone";
			};
			name = Debug;
		};
		5C2F52582B3CFB830090F301 /* Release */ = {
			isa = XCBuildConfiguration;
			buildSettings = {
				ALWAYS_SEARCH_USER_PATHS = NO;
				ASSETCATALOG_COMPILER_GENERATE_SWIFT_ASSET_SYMBOL_EXTENSIONS = YES;
				CLANG_ANALYZER_NONNULL = YES;
				CLANG_ANALYZER_NUMBER_OBJECT_CONVERSION = YES_AGGRESSIVE;
				CLANG_CXX_LANGUAGE_STANDARD = "gnu++20";
				CLANG_ENABLE_MODULES = YES;
				CLANG_ENABLE_OBJC_ARC = YES;
				CLANG_ENABLE_OBJC_WEAK = YES;
				CLANG_WARN_BLOCK_CAPTURE_AUTORELEASING = YES;
				CLANG_WARN_BOOL_CONVERSION = YES;
				CLANG_WARN_COMMA = YES;
				CLANG_WARN_CONSTANT_CONVERSION = YES;
				CLANG_WARN_DEPRECATED_OBJC_IMPLEMENTATIONS = YES;
				CLANG_WARN_DIRECT_OBJC_ISA_USAGE = YES_ERROR;
				CLANG_WARN_DOCUMENTATION_COMMENTS = YES;
				CLANG_WARN_EMPTY_BODY = YES;
				CLANG_WARN_ENUM_CONVERSION = YES;
				CLANG_WARN_INFINITE_RECURSION = YES;
				CLANG_WARN_INT_CONVERSION = YES;
				CLANG_WARN_NON_LITERAL_NULL_CONVERSION = YES;
				CLANG_WARN_OBJC_IMPLICIT_RETAIN_SELF = YES;
				CLANG_WARN_OBJC_LITERAL_CONVERSION = YES;
				CLANG_WARN_OBJC_ROOT_CLASS = YES_ERROR;
				CLANG_WARN_QUOTED_INCLUDE_IN_FRAMEWORK_HEADER = YES;
				CLANG_WARN_RANGE_LOOP_ANALYSIS = YES;
				CLANG_WARN_STRICT_PROTOTYPES = YES;
				CLANG_WARN_SUSPICIOUS_MOVE = YES;
				CLANG_WARN_UNGUARDED_AVAILABILITY = YES_AGGRESSIVE;
				CLANG_WARN_UNREACHABLE_CODE = YES;
				CLANG_WARN__DUPLICATE_METHOD_MATCH = YES;
				COPY_PHASE_STRIP = NO;
				DEBUG_INFORMATION_FORMAT = "dwarf-with-dsym";
				ENABLE_NS_ASSERTIONS = NO;
				ENABLE_STRICT_OBJC_MSGSEND = YES;
				ENABLE_USER_SCRIPT_SANDBOXING = YES;
				GCC_C_LANGUAGE_STANDARD = gnu17;
				GCC_NO_COMMON_BLOCKS = YES;
				GCC_WARN_64_TO_32_BIT_CONVERSION = YES;
				GCC_WARN_ABOUT_RETURN_TYPE = YES_ERROR;
				GCC_WARN_UNDECLARED_SELECTOR = YES;
				GCC_WARN_UNINITIALIZED_AUTOS = YES_AGGRESSIVE;
				GCC_WARN_UNUSED_FUNCTION = YES;
				GCC_WARN_UNUSED_VARIABLE = YES;
				LOCALIZATION_PREFERS_STRING_CATALOGS = YES;
				MTL_ENABLE_DEBUG_INFO = NO;
				MTL_FAST_MATH = YES;
				SWIFT_COMPILATION_MODE = wholemodule;
			};
			name = Release;
		};
		5C2F525A2B3CFB830090F301 /* Debug */ = {
			isa = XCBuildConfiguration;
			buildSettings = {
				ASSETCATALOG_COMPILER_APPICON_NAME = AppIcon;
				ASSETCATALOG_COMPILER_GLOBAL_ACCENT_COLOR_NAME = AccentColor;
				CODE_SIGN_ENTITLEMENTS = SwiftDataDemo/SwiftDataDemo.entitlements;
				CODE_SIGN_STYLE = Automatic;
				CURRENT_PROJECT_VERSION = 1;
				DEVELOPMENT_ASSET_PATHS = "\"SwiftDataDemo/Preview Content\"";
				DEVELOPMENT_TEAM = KVX67TSKSQ;
				ENABLE_HARDENED_RUNTIME = YES;
				ENABLE_PREVIEWS = YES;
				GENERATE_INFOPLIST_FILE = YES;
				"INFOPLIST_KEY_UIApplicationSceneManifest_Generation[sdk=iphoneos*]" = YES;
				"INFOPLIST_KEY_UIApplicationSceneManifest_Generation[sdk=iphonesimulator*]" = YES;
				"INFOPLIST_KEY_UIApplicationSupportsIndirectInputEvents[sdk=iphoneos*]" = YES;
				"INFOPLIST_KEY_UIApplicationSupportsIndirectInputEvents[sdk=iphonesimulator*]" = YES;
				"INFOPLIST_KEY_UILaunchScreen_Generation[sdk=iphoneos*]" = YES;
				"INFOPLIST_KEY_UILaunchScreen_Generation[sdk=iphonesimulator*]" = YES;
				"INFOPLIST_KEY_UIStatusBarStyle[sdk=iphoneos*]" = UIStatusBarStyleDefault;
				"INFOPLIST_KEY_UIStatusBarStyle[sdk=iphonesimulator*]" = UIStatusBarStyleDefault;
				INFOPLIST_KEY_UISupportedInterfaceOrientations_iPad = "UIInterfaceOrientationPortrait UIInterfaceOrientationPortraitUpsideDown UIInterfaceOrientationLandscapeLeft UIInterfaceOrientationLandscapeRight";
				INFOPLIST_KEY_UISupportedInterfaceOrientations_iPhone = "UIInterfaceOrientationPortrait UIInterfaceOrientationLandscapeLeft UIInterfaceOrientationLandscapeRight";
				IPHONEOS_DEPLOYMENT_TARGET = 17.2;
				LD_RUNPATH_SEARCH_PATHS = "@executable_path/Frameworks";
				"LD_RUNPATH_SEARCH_PATHS[sdk=macosx*]" = "@executable_path/../Frameworks";
				MACOSX_DEPLOYMENT_TARGET = 14.0;
				MARKETING_VERSION = 1.0;
				PRODUCT_BUNDLE_IDENTIFIER = net.jihoon.SwiftDataDemo;
				PRODUCT_NAME = "$(TARGET_NAME)";
				SDKROOT = auto;
				SUPPORTED_PLATFORMS = "iphoneos iphonesimulator macosx";
				SWIFT_EMIT_LOC_STRINGS = YES;
				SWIFT_VERSION = 5.0;
				TARGETED_DEVICE_FAMILY = "1,2";
			};
			name = Debug;
		};
		5C2F525B2B3CFB830090F301 /* Release */ = {
			isa = XCBuildConfiguration;
			buildSettings = {
				ASSETCATALOG_COMPILER_APPICON_NAME = AppIcon;
				ASSETCATALOG_COMPILER_GLOBAL_ACCENT_COLOR_NAME = AccentColor;
				CODE_SIGN_ENTITLEMENTS = SwiftDataDemo/SwiftDataDemo.entitlements;
				CODE_SIGN_STYLE = Automatic;
				CURRENT_PROJECT_VERSION = 1;
				DEVELOPMENT_ASSET_PATHS = "\"SwiftDataDemo/Preview Content\"";
				DEVELOPMENT_TEAM = KVX67TSKSQ;
				ENABLE_HARDENED_RUNTIME = YES;
				ENABLE_PREVIEWS = YES;
				GENERATE_INFOPLIST_FILE = YES;
				"INFOPLIST_KEY_UIApplicationSceneManifest_Generation[sdk=iphoneos*]" = YES;
				"INFOPLIST_KEY_UIApplicationSceneManifest_Generation[sdk=iphonesimulator*]" = YES;
				"INFOPLIST_KEY_UIApplicationSupportsIndirectInputEvents[sdk=iphoneos*]" = YES;
				"INFOPLIST_KEY_UIApplicationSupportsIndirectInputEvents[sdk=iphonesimulator*]" = YES;
				"INFOPLIST_KEY_UILaunchScreen_Generation[sdk=iphoneos*]" = YES;
				"INFOPLIST_KEY_UILaunchScreen_Generation[sdk=iphonesimulator*]" = YES;
				"INFOPLIST_KEY_UIStatusBarStyle[sdk=iphoneos*]" = UIStatusBarStyleDefault;
				"INFOPLIST_KEY_UIStatusBarStyle[sdk=iphonesimulator*]" = UIStatusBarStyleDefault;
				INFOPLIST_KEY_UISupportedInterfaceOrientations_iPad = "UIInterfaceOrientationPortrait UIInterfaceOrientationPortraitUpsideDown UIInterfaceOrientationLandscapeLeft UIInterfaceOrientationLandscapeRight";
				INFOPLIST_KEY_UISupportedInterfaceOrientations_iPhone = "UIInterfaceOrientationPortrait UIInterfaceOrientationLandscapeLeft UIInterfaceOrientationLandscapeRight";
				IPHONEOS_DEPLOYMENT_TARGET = 17.2;
				LD_RUNPATH_SEARCH_PATHS = "@executable_path/Frameworks";
				"LD_RUNPATH_SEARCH_PATHS[sdk=macosx*]" = "@executable_path/../Frameworks";
				MACOSX_DEPLOYMENT_TARGET = 14.0;
				MARKETING_VERSION = 1.0;
				PRODUCT_BUNDLE_IDENTIFIER = net.jihoon.SwiftDataDemo;
				PRODUCT_NAME = "$(TARGET_NAME)";
				SDKROOT = auto;
				SUPPORTED_PLATFORMS = "iphoneos iphonesimulator macosx";
				SWIFT_EMIT_LOC_STRINGS = YES;
				SWIFT_VERSION = 5.0;
				TARGETED_DEVICE_FAMILY = "1,2";
			};
			name = Release;
		};
		5C2F525D2B3CFB830090F301 /* Debug */ = {
			isa = XCBuildConfiguration;
			buildSettings = {
				ALWAYS_EMBED_SWIFT_STANDARD_LIBRARIES = YES;
				BUNDLE_LOADER = "$(TEST_HOST)";
				CODE_SIGN_STYLE = Automatic;
				CURRENT_PROJECT_VERSION = 1;
				DEVELOPMENT_TEAM = KVX67TSKSQ;
				GENERATE_INFOPLIST_FILE = YES;
				IPHONEOS_DEPLOYMENT_TARGET = 17.2;
				MACOSX_DEPLOYMENT_TARGET = 13.5;
				MARKETING_VERSION = 1.0;
				PRODUCT_BUNDLE_IDENTIFIER = net.jihoon.SwiftDataDemoTests;
				PRODUCT_NAME = "$(TARGET_NAME)";
				SDKROOT = auto;
				SUPPORTED_PLATFORMS = "iphoneos iphonesimulator macosx";
				SWIFT_EMIT_LOC_STRINGS = NO;
				SWIFT_VERSION = 5.0;
				TARGETED_DEVICE_FAMILY = "1,2";
				TEST_HOST = "$(BUILT_PRODUCTS_DIR)/SwiftDataDemo.app/$(BUNDLE_EXECUTABLE_FOLDER_PATH)/SwiftDataDemo";
			};
			name = Debug;
		};
		5C2F525E2B3CFB830090F301 /* Release */ = {
			isa = XCBuildConfiguration;
			buildSettings = {
				ALWAYS_EMBED_SWIFT_STANDARD_LIBRARIES = YES;
				BUNDLE_LOADER = "$(TEST_HOST)";
				CODE_SIGN_STYLE = Automatic;
				CURRENT_PROJECT_VERSION = 1;
				DEVELOPMENT_TEAM = KVX67TSKSQ;
				GENERATE_INFOPLIST_FILE = YES;
				IPHONEOS_DEPLOYMENT_TARGET = 17.2;
				MACOSX_DEPLOYMENT_TARGET = 13.5;
				MARKETING_VERSION = 1.0;
				PRODUCT_BUNDLE_IDENTIFIER = net.jihoon.SwiftDataDemoTests;
				PRODUCT_NAME = "$(TARGET_NAME)";
				SDKROOT = auto;
				SUPPORTED_PLATFORMS = "iphoneos iphonesimulator macosx";
				SWIFT_EMIT_LOC_STRINGS = NO;
				SWIFT_VERSION = 5.0;
				TARGETED_DEVICE_FAMILY = "1,2";
				TEST_HOST = "$(BUILT_PRODUCTS_DIR)/SwiftDataDemo.app/$(BUNDLE_EXECUTABLE_FOLDER_PATH)/SwiftDataDemo";
			};
			name = Release;
		};
		5C2F52602B3CFB830090F301 /* Debug */ = {
			isa = XCBuildConfiguration;
			buildSettings = {
				ALWAYS_EMBED_SWIFT_STANDARD_LIBRARIES = YES;
				CODE_SIGN_STYLE = Automatic;
				CURRENT_PROJECT_VERSION = 1;
				DEVELOPMENT_TEAM = KVX67TSKSQ;
				GENERATE_INFOPLIST_FILE = YES;
				IPHONEOS_DEPLOYMENT_TARGET = 17.2;
				MACOSX_DEPLOYMENT_TARGET = 13.5;
				MARKETING_VERSION = 1.0;
				PRODUCT_BUNDLE_IDENTIFIER = net.jihoon.SwiftDataDemoUITests;
				PRODUCT_NAME = "$(TARGET_NAME)";
				SDKROOT = auto;
				SUPPORTED_PLATFORMS = "iphoneos iphonesimulator macosx";
				SWIFT_EMIT_LOC_STRINGS = NO;
				SWIFT_VERSION = 5.0;
				TARGETED_DEVICE_FAMILY = "1,2";
				TEST_TARGET_NAME = SwiftDataDemo;
			};
			name = Debug;
		};
		5C2F52612B3CFB830090F301 /* Release */ = {
			isa = XCBuildConfiguration;
			buildSettings = {
				ALWAYS_EMBED_SWIFT_STANDARD_LIBRARIES = YES;
				CODE_SIGN_STYLE = Automatic;
				CURRENT_PROJECT_VERSION = 1;
				DEVELOPMENT_TEAM = KVX67TSKSQ;
				GENERATE_INFOPLIST_FILE = YES;
				IPHONEOS_DEPLOYMENT_TARGET = 17.2;
				MACOSX_DEPLOYMENT_TARGET = 13.5;
				MARKETING_VERSION = 1.0;
				PRODUCT_BUNDLE_IDENTIFIER = net.jihoon.SwiftDataDemoUITests;
				PRODUCT_NAME = "$(TARGET_NAME)";
				SDKROOT = auto;
				SUPPORTED_PLATFORMS = "iphoneos iphonesimulator macosx";
				SWIFT_EMIT_LOC_STRINGS = NO;
				SWIFT_VERSION = 5.0;
				TARGETED_DEVICE_FAMILY = "1,2";
				TEST_TARGET_NAME = SwiftDataDemo;
			};
			name = Release;
		};
/* End XCBuildConfiguration section */

/* Begin XCConfigurationList section */
		5C2F522D2B3CFB800090F301 /* Build configuration list for PBXProject "SwiftDataDemo" */ = {
			isa = XCConfigurationList;
			buildConfigurations = (
				5C2F52572B3CFB830090F301 /* Debug */,
				5C2F52582B3CFB830090F301 /* Release */,
			);
			defaultConfigurationIsVisible = 0;
			defaultConfigurationName = Release;
		};
		5C2F52592B3CFB830090F301 /* Build configuration list for PBXNativeTarget "SwiftDataDemo" */ = {
			isa = XCConfigurationList;
			buildConfigurations = (
				5C2F525A2B3CFB830090F301 /* Debug */,
				5C2F525B2B3CFB830090F301 /* Release */,
			);
			defaultConfigurationIsVisible = 0;
			defaultConfigurationName = Release;
		};
		5C2F525C2B3CFB830090F301 /* Build configuration list for PBXNativeTarget "SwiftDataDemoTests" */ = {
			isa = XCConfigurationList;
			buildConfigurations = (
				5C2F525D2B3CFB830090F301 /* Debug */,
				5C2F525E2B3CFB830090F301 /* Release */,
			);
			defaultConfigurationIsVisible = 0;
			defaultConfigurationName = Release;
		};
		5C2F525F2B3CFB830090F301 /* Build configuration list for PBXNativeTarget "SwiftDataDemoUITests" */ = {
			isa = XCConfigurationList;
			buildConfigurations = (
				5C2F52602B3CFB830090F301 /* Debug */,
				5C2F52612B3CFB830090F301 /* Release */,
			);
			defaultConfigurationIsVisible = 0;
			defaultConfigurationName = Release;
		};
/* End XCConfigurationList section */
	};
	rootObject = 5C2F522A2B3CFB800090F301 /* Project object */;
}
